
Microsoft Visual Studio Solution File, Format Version 12.00
# Visual Studio Version 17
VisualStudioVersion = 17.2.32519.379
MinimumVisualStudioVersion = 10.0.40219.1
Project("{9A19103F-16F7-4668-BE54-9A1E7A4F7556}") = "ConsoleApp-AreaCalculation2", "ConsoleApp-AreaCalculation2\ConsoleApp-AreaCalculation2.csproj", "{69061F37-BF1A-4A49-B79C-96EF2A6018D7}"
EndProject
Project("{9A19103F-16F7-4668-BE54-9A1E7A4F7556}") = "ShapesLibrary", "ShapesLibrary\ShapesLibrary.csproj", "{787728F2-A964-4F22-9F2E-1F014EF3638D}"
EndProject
Project("{FAE04EC0-301F-11D3-BF4B-00C04F79EFBC}") = "TestLibrary", "TestLibrary\TestLibrary.csproj", "{4E6028BB-9197-4F0D-AA8D-FEDF4AFE4F6A}"
EndProject
Global
	GlobalSection(SolutionConfigurationPlatforms) = preSolution
		Debug|Any CPU = Debug|Any CPU
		Release|Any CPU = Release|Any CPU
	EndGlobalSection
	GlobalSection(ProjectConfigurationPlatforms) = postSolution
		{69061F37-BF1A-4A49-B79C-96EF2A6018D7}.Debug|Any CPU.ActiveCfg = Debug|Any CPU
		{69061F37-BF1A-4A49-B79C-96EF2A6018D7}.Debug|Any CPU.Build.0 = Debug|Any CPU
		{69061F37-BF1A-4A49-B79C-96EF2A6018D7}.Release|Any CPU.ActiveCfg = Release|Any CPU
		{69061F37-BF1A-4A49-B79C-96EF2A6018D7}.Release|Any CPU.Build.0 = Release|Any CPU
		{787728F2-A964-4F22-9F2E-1F014EF3638D}.Debug|Any CPU.ActiveCfg = Debug|Any CPU
		{787728F2-A964-4F22-9F2E-1F014EF3638D}.Debug|Any CPU.Build.0 = Debug|Any CPU
		{787728F2-A964-4F22-9F2E-1F014EF3638D}.Release|Any CPU.ActiveCfg = Release|Any CPU
		{787728F2-A964-4F22-9F2E-1F014EF3638D}.Release|Any CPU.Build.0 = Release|Any CPU
		{4E6028BB-9197-4F0D-AA8D-FEDF4AFE4F6A}.Debug|Any CPU.ActiveCfg = Debug|Any CPU
		{4E6028BB-9197-4F0D-AA8D-FEDF4AFE4F6A}.Debug|Any CPU.Build.0 = Debug|Any CPU
		{4E6028BB-9197-4F0D-AA8D-FEDF4AFE4F6A}.Release|Any CPU.ActiveCfg = Release|Any CPU
		{4E6028BB-9197-4F0D-AA8D-FEDF4AFE4F6A}.Release|Any CPU.Build.0 = Release|Any CPU
	EndGlobalSection
	GlobalSection(SolutionProperties) = preSolution
		HideSolutionNode = FALSE
	EndGlobalSection
	GlobalSection(ExtensibilityGlobals) = postSolution
		SolutionGuid = {1E79F2EF-A7D6-49B7-A3B4-8EEF5BD0002E}
	EndGlobalSection
EndGlobal
